
Microsoft Visual Studio Solution File, Format Version 12.00
# Visual Studio Version 16
VisualStudioVersion = 16.0.31313.79
MinimumVisualStudioVersion = 10.0.40219.1
Project("{FAE04EC0-301F-11D3-BF4B-00C04F79EFBC}") = "PassLocker", "PassLocker.csproj", "{937D6FB9-CA6D-4FEE-B288-21158D147A91}"
EndProject
Project("{9A19103F-16F7-4668-BE54-9A1E7A4F7556}") = "PassLockerDatabase", "..\PassLockerDatabase\PassLockerDatabase.csproj", "{4D460B16-3EC6-4407-801F-8ACD758B8C65}"
EndProject
Project("{FAE04EC0-301F-11D3-BF4B-00C04F79EFBC}") = "TestingConsole", "..\TestingConsole\TestingConsole.csproj", "{1EADFAB0-62AD-4D61-9CB5-86ABFD3DB6D6}"
EndProject
Global
	GlobalSection(SolutionConfigurationPlatforms) = preSolution
		Debug|Any CPU = Debug|Any CPU
		Release|Any CPU = Release|Any CPU
	EndGlobalSection
	GlobalSection(ProjectConfigurationPlatforms) = postSolution
		{937D6FB9-CA6D-4FEE-B288-21158D147A91}.Debug|Any CPU.ActiveCfg = Debug|Any CPU
		{937D6FB9-CA6D-4FEE-B288-21158D147A91}.Debug|Any CPU.Build.0 = Debug|Any CPU
		{937D6FB9-CA6D-4FEE-B288-21158D147A91}.Release|Any CPU.ActiveCfg = Release|Any CPU
		{937D6FB9-CA6D-4FEE-B288-21158D147A91}.Release|Any CPU.Build.0 = Release|Any CPU
		{4D460B16-3EC6-4407-801F-8ACD758B8C65}.Debug|Any CPU.ActiveCfg = Debug|Any CPU
		{4D460B16-3EC6-4407-801F-8ACD758B8C65}.Debug|Any CPU.Build.0 = Debug|Any CPU
		{4D460B16-3EC6-4407-801F-8ACD758B8C65}.Release|Any CPU.ActiveCfg = Release|Any CPU
		{4D460B16-3EC6-4407-801F-8ACD758B8C65}.Release|Any CPU.Build.0 = Release|Any CPU
		{1EADFAB0-62AD-4D61-9CB5-86ABFD3DB6D6}.Debug|Any CPU.ActiveCfg = Debug|Any CPU
		{1EADFAB0-62AD-4D61-9CB5-86ABFD3DB6D6}.Debug|Any CPU.Build.0 = Debug|Any CPU
		{1EADFAB0-62AD-4D61-9CB5-86ABFD3DB6D6}.Release|Any CPU.ActiveCfg = Release|Any CPU
		{1EADFAB0-62AD-4D61-9CB5-86ABFD3DB6D6}.Release|Any CPU.Build.0 = Release|Any CPU
	EndGlobalSection
	GlobalSection(SolutionProperties) = preSolution
		HideSolutionNode = FALSE
	EndGlobalSection
	GlobalSection(ExtensibilityGlobals) = postSolution
		SolutionGuid = {9538B5A2-3DB7-4FF8-96DF-ADAAF02D5767}
	EndGlobalSection
EndGlobal
